{
  "requires": true,
  "lockfileVersion": 1,
  "dependencies": {
    "multiselect-react-dropdown": {
      "version": "2.0.7",
      "resolved": "https://registry.npmjs.org/multiselect-react-dropdown/-/multiselect-react-dropdown-2.0.7.tgz",
      "integrity": "sha512-7aBKFd1t/bQOvYxHqxYnT6650GFog2d+BjJKwEuRc0UWoDUTkADljqc4bd6n1mQYhN1K2Ouds6x72bo/Wg4CJA=="
    }
  }
}
